// !$*UTF8*$!
{
	archiveVersion = 1;
	classes = {
	};
	objectVersion = 77;
	objects = {

/* Begin PBXBuildFile section */
		601369172EB93AEF008A8F2D /* EditAccountView.swift in Sources */ = {isa = PBXBuildFile; fileRef = 601369162EB93AEF008A8F2D /* EditAccountView.swift */; };
		601369192EB93B76008A8F2D /* EditAccountViewModel.swift in Sources */ = {isa = PBXBuildFile; fileRef = 601369182EB93B76008A8F2D /* EditAccountViewModel.swift */; };
		605511DF2EB67BD100B5989D /* ApplicationCoordinator.swift in Sources */ = {isa = PBXBuildFile; fileRef = 605511DE2EB67BD100B5989D /* ApplicationCoordinator.swift */; };
		605511E12EB67BF400B5989D /* BaseCoordinator.swift in Sources */ = {isa = PBXBuildFile; fileRef = 605511E02EB67BF400B5989D /* BaseCoordinator.swift */; };
		605511E52EB6891500B5989D /* LoginView.swift in Sources */ = {isa = PBXBuildFile; fileRef = 605511E42EB6891500B5989D /* LoginView.swift */; };
		605511E82EB689F100B5989D /* EmailField.swift in Sources */ = {isa = PBXBuildFile; fileRef = 605511E72EB689F100B5989D /* EmailField.swift */; };
		605511EB2EB68AB000B5989D /* DefaultTextFieldStyle.swift in Sources */ = {isa = PBXBuildFile; fileRef = 605511EA2EB68AB000B5989D /* DefaultTextFieldStyle.swift */; };
		605511ED2EB68C9700B5989D /* PasswordField.swift in Sources */ = {isa = PBXBuildFile; fileRef = 605511EC2EB68C9700B5989D /* PasswordField.swift */; };
		605511EF2EB68E0C00B5989D /* LoginViewModel.swift in Sources */ = {isa = PBXBuildFile; fileRef = 605511EE2EB68E0C00B5989D /* LoginViewModel.swift */; };
		605511F22EB68F1B00B5989D /* BaseViewModel.swift in Sources */ = {isa = PBXBuildFile; fileRef = 605511F12EB68F1B00B5989D /* BaseViewModel.swift */; };
		605511F42EB68F7C00B5989D /* HostingController.swift in Sources */ = {isa = PBXBuildFile; fileRef = 605511F32EB68F7C00B5989D /* HostingController.swift */; };
		605511F62EB6931B00B5989D /* AuthCordinator.swift in Sources */ = {isa = PBXBuildFile; fileRef = 605511F52EB6931B00B5989D /* AuthCordinator.swift */; };
		605511FA2EB6982000B5989D /* RegisterView.swift in Sources */ = {isa = PBXBuildFile; fileRef = 605511F92EB6982000B5989D /* RegisterView.swift */; };
		605511FC2EB6985100B5989D /* RegisterViewModel.swift in Sources */ = {isa = PBXBuildFile; fileRef = 605511FB2EB6985100B5989D /* RegisterViewModel.swift */; };
		6092FAC42ECE33DC000CED29 /* LocationsViewModel.swift in Sources */ = {isa = PBXBuildFile; fileRef = 6092FAC32ECE33DB000CED29 /* LocationsViewModel.swift */; };
		6092FAC72ECE3CEA000CED29 /* UpgradeView.swift in Sources */ = {isa = PBXBuildFile; fileRef = 6092FAC62ECE3CEA000CED29 /* UpgradeView.swift */; };
		6092FAC92ECE3D02000CED29 /* UpgradeViewModel.swift in Sources */ = {isa = PBXBuildFile; fileRef = 6092FAC82ECE3D02000CED29 /* UpgradeViewModel.swift */; };
		6092FACB2ECE41B4000CED29 /* UpgradeHostingController.swift in Sources */ = {isa = PBXBuildFile; fileRef = 6092FACA2ECE41B4000CED29 /* UpgradeHostingController.swift */; };
		6092FACD2ECE4300000CED29 /* UpgradeCoordinating.swift in Sources */ = {isa = PBXBuildFile; fileRef = 6092FACC2ECE4300000CED29 /* UpgradeCoordinating.swift */; };
		6092FACF2ECE46FE000CED29 /* LocationsHostingController.swift in Sources */ = {isa = PBXBuildFile; fileRef = 6092FACE2ECE46FE000CED29 /* LocationsHostingController.swift */; };
		6092FAD22ECE5A50000CED29 /* ModelLayer.swift in Sources */ = {isa = PBXBuildFile; fileRef = 6092FAD12ECE5A50000CED29 /* ModelLayer.swift */; };
		6092FAD52ECE5AA0000CED29 /* SystemLayer.swift in Sources */ = {isa = PBXBuildFile; fileRef = 6092FAD42ECE5AA0000CED29 /* SystemLayer.swift */; };
		6092FAD72ECE5AD6000CED29 /* UserDefaultManager.swift in Sources */ = {isa = PBXBuildFile; fileRef = 6092FAD62ECE5AD6000CED29 /* UserDefaultManager.swift */; };
		60C527512EBFA237008558FB /* AccountCoordinator.swift in Sources */ = {isa = PBXBuildFile; fileRef = 60C527502EBFA237008558FB /* AccountCoordinator.swift */; };
		60C527542EBFAADF008558FB /* ConformingEmailCoordinating.swift in Sources */ = {isa = PBXBuildFile; fileRef = 60C527532EBFAADF008558FB /* ConformingEmailCoordinating.swift */; };
		60C527562EBFB02D008558FB /* NotificationName + Ext.swift in Sources */ = {isa = PBXBuildFile; fileRef = 60C527552EBFB02D008558FB /* NotificationName + Ext.swift */; };
		60D27EE62EB7DA0E00EAFE34 /* AccountViewModel.swift in Sources */ = {isa = PBXBuildFile; fileRef = 60D27EE52EB7DA0E00EAFE34 /* AccountViewModel.swift */; };
		60D27EE82EB7DEFA00EAFE34 /* AccountHostingController.swift in Sources */ = {isa = PBXBuildFile; fileRef = 60D27EE72EB7DEFA00EAFE34 /* AccountHostingController.swift */; };
		60D27EEB2EB7E0AA00EAFE34 /* UIViewController + Ext.swift in Sources */ = {isa = PBXBuildFile; fileRef = 60D27EEA2EB7E0AA00EAFE34 /* UIViewController + Ext.swift */; };
		60D27EED2EB7E53A00EAFE34 /* MoreViewModel.swift in Sources */ = {isa = PBXBuildFile; fileRef = 60D27EEC2EB7E53A00EAFE34 /* MoreViewModel.swift */; };
		60D9BE772EBF843D00BDEFD6 /* EditAccountHostingController.swift in Sources */ = {isa = PBXBuildFile; fileRef = 60D9BE762EBF843C00BDEFD6 /* EditAccountHostingController.swift */; };
		60D9BE7A2EBF884D00BDEFD6 /* ConfirmEmailView.swift in Sources */ = {isa = PBXBuildFile; fileRef = 60D9BE792EBF884D00BDEFD6 /* ConfirmEmailView.swift */; };
		60D9BE7C2EBF885E00BDEFD6 /* ConfirmEmailViewModel.swift in Sources */ = {isa = PBXBuildFile; fileRef = 60D9BE7B2EBF885E00BDEFD6 /* ConfirmEmailViewModel.swift */; };
		60D9BE7E2EBF9F0100BDEFD6 /* ConfirmEmailHostingController.swift in Sources */ = {isa = PBXBuildFile; fileRef = 60D9BE7D2EBF9F0100BDEFD6 /* ConfirmEmailHostingController.swift */; };
		60EBC6502EB7BD9000F5D2CC /* HomeView.swift in Sources */ = {isa = PBXBuildFile; fileRef = 60EBC64F2EB7BD9000F5D2CC /* HomeView.swift */; };
		60EBC6542EB7BE8100F5D2CC /* MainCoordinator.swift in Sources */ = {isa = PBXBuildFile; fileRef = 60EBC6532EB7BE8100F5D2CC /* MainCoordinator.swift */; };
		60EBC6572EB7C13900F5D2CC /* HomeCoordinator.swift in Sources */ = {isa = PBXBuildFile; fileRef = 60EBC6562EB7C13900F5D2CC /* HomeCoordinator.swift */; };
		60EBC6592EB7C23F00F5D2CC /* LocationsCoordinator.swift in Sources */ = {isa = PBXBuildFile; fileRef = 60EBC6582EB7C23F00F5D2CC /* LocationsCoordinator.swift */; };
		60EBC65C2EB7C27200F5D2CC /* LocationsView.swift in Sources */ = {isa = PBXBuildFile; fileRef = 60EBC65B2EB7C27200F5D2CC /* LocationsView.swift */; };
		60EBC6612EB7C2C100F5D2CC /* MoreView.swift in Sources */ = {isa = PBXBuildFile; fileRef = 60EBC6602EB7C2C100F5D2CC /* MoreView.swift */; };
		60EBC6632EB7C30900F5D2CC /* MoreCoordinator.swift in Sources */ = {isa = PBXBuildFile; fileRef = 60EBC6622EB7C30900F5D2CC /* MoreCoordinator.swift */; };
		60EBC6672EB7D2DD00F5D2CC /* AccountView.swift in Sources */ = {isa = PBXBuildFile; fileRef = 60EBC6662EB7D2DD00F5D2CC /* AccountView.swift */; };
		60EBC6692EB7D58400F5D2CC /* ListRow.swift in Sources */ = {isa = PBXBuildFile; fileRef = 60EBC6682EB7D58400F5D2CC /* ListRow.swift */; };
		60FECCC92EB60DED006BE233 /* Assets.xcassets in Resources */ = {isa = PBXBuildFile; fileRef = 60FECCC22EB60DED006BE233 /* Assets.xcassets */; };
		60FECCCB2EB60DED006BE233 /* LaunchScreen.storyboard in Resources */ = {isa = PBXBuildFile; fileRef = 60FECCC52EB60DED006BE233 /* LaunchScreen.storyboard */; };
		60FECCCC2EB60DEE006BE233 /* AppDelegate.swift in Sources */ = {isa = PBXBuildFile; fileRef = 60FECCC12EB60DED006BE233 /* AppDelegate.swift */; };
/* End PBXBuildFile section */

/* Begin PBXFileReference section */
		601369162EB93AEF008A8F2D /* EditAccountView.swift */ = {isa = PBXFileReference; lastKnownFileType = sourcecode.swift; path = EditAccountView.swift; sourceTree = "<group>"; };
		601369182EB93B76008A8F2D /* EditAccountViewModel.swift */ = {isa = PBXFileReference; lastKnownFileType = sourcecode.swift; path = EditAccountViewModel.swift; sourceTree = "<group>"; };
		605511DE2EB67BD100B5989D /* ApplicationCoordinator.swift */ = {isa = PBXFileReference; lastKnownFileType = sourcecode.swift; path = ApplicationCoordinator.swift; sourceTree = "<group>"; };
		605511E02EB67BF400B5989D /* BaseCoordinator.swift */ = {isa = PBXFileReference; lastKnownFileType = sourcecode.swift; path = BaseCoordinator.swift; sourceTree = "<group>"; };
		605511E42EB6891500B5989D /* LoginView.swift */ = {isa = PBXFileReference; lastKnownFileType = sourcecode.swift; path = LoginView.swift; sourceTree = "<group>"; };
		605511E72EB689F100B5989D /* EmailField.swift */ = {isa = PBXFileReference; lastKnownFileType = sourcecode.swift; path = EmailField.swift; sourceTree = "<group>"; };
		605511EA2EB68AB000B5989D /* DefaultTextFieldStyle.swift */ = {isa = PBXFileReference; lastKnownFileType = sourcecode.swift; path = DefaultTextFieldStyle.swift; sourceTree = "<group>"; };
		605511EC2EB68C9700B5989D /* PasswordField.swift */ = {isa = PBXFileReference; lastKnownFileType = sourcecode.swift; path = PasswordField.swift; sourceTree = "<group>"; };
		605511EE2EB68E0C00B5989D /* LoginViewModel.swift */ = {isa = PBXFileReference; lastKnownFileType = sourcecode.swift; path = LoginViewModel.swift; sourceTree = "<group>"; };
		605511F12EB68F1B00B5989D /* BaseViewModel.swift */ = {isa = PBXFileReference; lastKnownFileType = sourcecode.swift; path = BaseViewModel.swift; sourceTree = "<group>"; };
		605511F32EB68F7C00B5989D /* HostingController.swift */ = {isa = PBXFileReference; lastKnownFileType = sourcecode.swift; path = HostingController.swift; sourceTree = "<group>"; };
		605511F52EB6931B00B5989D /* AuthCordinator.swift */ = {isa = PBXFileReference; lastKnownFileType = sourcecode.swift; path = AuthCordinator.swift; sourceTree = "<group>"; };
		605511F92EB6982000B5989D /* RegisterView.swift */ = {isa = PBXFileReference; lastKnownFileType = sourcecode.swift; path = RegisterView.swift; sourceTree = "<group>"; };
		605511FB2EB6985100B5989D /* RegisterViewModel.swift */ = {isa = PBXFileReference; lastKnownFileType = sourcecode.swift; path = RegisterViewModel.swift; sourceTree = "<group>"; };
		6092FAC32ECE33DB000CED29 /* LocationsViewModel.swift */ = {isa = PBXFileReference; lastKnownFileType = sourcecode.swift; path = LocationsViewModel.swift; sourceTree = "<group>"; };
		6092FAC62ECE3CEA000CED29 /* UpgradeView.swift */ = {isa = PBXFileReference; lastKnownFileType = sourcecode.swift; path = UpgradeView.swift; sourceTree = "<group>"; };
		6092FAC82ECE3D02000CED29 /* UpgradeViewModel.swift */ = {isa = PBXFileReference; lastKnownFileType = sourcecode.swift; path = UpgradeViewModel.swift; sourceTree = "<group>"; };
		6092FACA2ECE41B4000CED29 /* UpgradeHostingController.swift */ = {isa = PBXFileReference; lastKnownFileType = sourcecode.swift; path = UpgradeHostingController.swift; sourceTree = "<group>"; };
		6092FACC2ECE4300000CED29 /* UpgradeCoordinating.swift */ = {isa = PBXFileReference; lastKnownFileType = sourcecode.swift; path = UpgradeCoordinating.swift; sourceTree = "<group>"; };
		6092FACE2ECE46FE000CED29 /* LocationsHostingController.swift */ = {isa = PBXFileReference; lastKnownFileType = sourcecode.swift; path = LocationsHostingController.swift; sourceTree = "<group>"; };
		6092FAD12ECE5A50000CED29 /* ModelLayer.swift */ = {isa = PBXFileReference; lastKnownFileType = sourcecode.swift; path = ModelLayer.swift; sourceTree = "<group>"; };
		6092FAD42ECE5AA0000CED29 /* SystemLayer.swift */ = {isa = PBXFileReference; lastKnownFileType = sourcecode.swift; path = SystemLayer.swift; sourceTree = "<group>"; };
		6092FAD62ECE5AD6000CED29 /* UserDefaultManager.swift */ = {isa = PBXFileReference; lastKnownFileType = sourcecode.swift; path = UserDefaultManager.swift; sourceTree = "<group>"; };
		60C527502EBFA237008558FB /* AccountCoordinator.swift */ = {isa = PBXFileReference; lastKnownFileType = sourcecode.swift; path = AccountCoordinator.swift; sourceTree = "<group>"; };
		60C527532EBFAADF008558FB /* ConformingEmailCoordinating.swift */ = {isa = PBXFileReference; lastKnownFileType = sourcecode.swift; path = ConformingEmailCoordinating.swift; sourceTree = "<group>"; };
		60C527552EBFB02D008558FB /* NotificationName + Ext.swift */ = {isa = PBXFileReference; lastKnownFileType = sourcecode.swift; path = "NotificationName + Ext.swift"; sourceTree = "<group>"; };
		60D27EE52EB7DA0E00EAFE34 /* AccountViewModel.swift */ = {isa = PBXFileReference; lastKnownFileType = sourcecode.swift; path = AccountViewModel.swift; sourceTree = "<group>"; };
		60D27EE72EB7DEFA00EAFE34 /* AccountHostingController.swift */ = {isa = PBXFileReference; lastKnownFileType = sourcecode.swift; path = AccountHostingController.swift; sourceTree = "<group>"; };
		60D27EEA2EB7E0AA00EAFE34 /* UIViewController + Ext.swift */ = {isa = PBXFileReference; lastKnownFileType = sourcecode.swift; path = "UIViewController + Ext.swift"; sourceTree = "<group>"; };
		60D27EEC2EB7E53A00EAFE34 /* MoreViewModel.swift */ = {isa = PBXFileReference; lastKnownFileType = sourcecode.swift; path = MoreViewModel.swift; sourceTree = "<group>"; };
		60D9BE762EBF843C00BDEFD6 /* EditAccountHostingController.swift */ = {isa = PBXFileReference; lastKnownFileType = sourcecode.swift; path = EditAccountHostingController.swift; sourceTree = "<group>"; };
		60D9BE792EBF884D00BDEFD6 /* ConfirmEmailView.swift */ = {isa = PBXFileReference; lastKnownFileType = sourcecode.swift; path = ConfirmEmailView.swift; sourceTree = "<group>"; };
		60D9BE7B2EBF885E00BDEFD6 /* ConfirmEmailViewModel.swift */ = {isa = PBXFileReference; lastKnownFileType = sourcecode.swift; path = ConfirmEmailViewModel.swift; sourceTree = "<group>"; };
		60D9BE7D2EBF9F0100BDEFD6 /* ConfirmEmailHostingController.swift */ = {isa = PBXFileReference; lastKnownFileType = sourcecode.swift; path = ConfirmEmailHostingController.swift; sourceTree = "<group>"; };
		60EBC64F2EB7BD9000F5D2CC /* HomeView.swift */ = {isa = PBXFileReference; lastKnownFileType = sourcecode.swift; path = HomeView.swift; sourceTree = "<group>"; };
		60EBC6532EB7BE8100F5D2CC /* MainCoordinator.swift */ = {isa = PBXFileReference; lastKnownFileType = sourcecode.swift; path = MainCoordinator.swift; sourceTree = "<group>"; };
		60EBC6562EB7C13900F5D2CC /* HomeCoordinator.swift */ = {isa = PBXFileReference; lastKnownFileType = sourcecode.swift; path = HomeCoordinator.swift; sourceTree = "<group>"; };
		60EBC6582EB7C23F00F5D2CC /* LocationsCoordinator.swift */ = {isa = PBXFileReference; lastKnownFileType = sourcecode.swift; path = LocationsCoordinator.swift; sourceTree = "<group>"; };
		60EBC65B2EB7C27200F5D2CC /* LocationsView.swift */ = {isa = PBXFileReference; lastKnownFileType = sourcecode.swift; path = LocationsView.swift; sourceTree = "<group>"; };
		60EBC6602EB7C2C100F5D2CC /* MoreView.swift */ = {isa = PBXFileReference; lastKnownFileType = sourcecode.swift; path = MoreView.swift; sourceTree = "<group>"; };
		60EBC6622EB7C30900F5D2CC /* MoreCoordinator.swift */ = {isa = PBXFileReference; lastKnownFileType = sourcecode.swift; path = MoreCoordinator.swift; sourceTree = "<group>"; };
		60EBC6662EB7D2DD00F5D2CC /* AccountView.swift */ = {isa = PBXFileReference; lastKnownFileType = sourcecode.swift; path = AccountView.swift; sourceTree = "<group>"; };
		60EBC6682EB7D58400F5D2CC /* ListRow.swift */ = {isa = PBXFileReference; lastKnownFileType = sourcecode.swift; path = ListRow.swift; sourceTree = "<group>"; };
		60FECCA92EB60CE0006BE233 /* CoordinatorPattern.app */ = {isa = PBXFileReference; explicitFileType = wrapper.application; includeInIndex = 0; path = CoordinatorPattern.app; sourceTree = BUILT_PRODUCTS_DIR; };
		60FECCC12EB60DED006BE233 /* AppDelegate.swift */ = {isa = PBXFileReference; lastKnownFileType = sourcecode.swift; path = AppDelegate.swift; sourceTree = "<group>"; };
		60FECCC22EB60DED006BE233 /* Assets.xcassets */ = {isa = PBXFileReference; lastKnownFileType = folder.assetcatalog; path = Assets.xcassets; sourceTree = "<group>"; };
		60FECCC32EB60DED006BE233 /* Info.plist */ = {isa = PBXFileReference; lastKnownFileType = text.plist.xml; path = Info.plist; sourceTree = "<group>"; };
		60FECCC42EB60DED006BE233 /* Base */ = {isa = PBXFileReference; lastKnownFileType = file.storyboard; name = Base; path = Base.lproj/LaunchScreen.storyboard; sourceTree = "<group>"; };
/* End PBXFileReference section */

/* Begin PBXFrameworksBuildPhase section */
		60FECCA62EB60CE0006BE233 /* Frameworks */ = {
			isa = PBXFrameworksBuildPhase;
			buildActionMask = 2147483647;
			files = (
			);
			runOnlyForDeploymentPostprocessing = 0;
		};
/* End PBXFrameworksBuildPhase section */

/* Begin PBXGroup section */
		601369152EB93AC6008A8F2D /* Edit Account */ = {
			isa = PBXGroup;
			children = (
				601369162EB93AEF008A8F2D /* EditAccountView.swift */,
				60D9BE762EBF843C00BDEFD6 /* EditAccountHostingController.swift */,
				601369182EB93B76008A8F2D /* EditAccountViewModel.swift */,
			);
			path = "Edit Account";
			sourceTree = "<group>";
		};
		605511DD2EB67BA500B5989D /* Coordinators */ = {
			isa = PBXGroup;
			children = (
				605511DE2EB67BD100B5989D /* ApplicationCoordinator.swift */,
				605511F72EB6932300B5989D /* Flows */,
				605511E22EB67BFA00B5989D /* Structure */,
				60C527522EBFAAAB008558FB /* Supporting */,
				60EBC6552EB7C11300F5D2CC /* Tab Flows */,
			);
			path = Coordinators;
			sourceTree = "<group>";
		};
		605511E22EB67BFA00B5989D /* Structure */ = {
			isa = PBXGroup;
			children = (
				605511E02EB67BF400B5989D /* BaseCoordinator.swift */,
			);
			path = Structure;
			sourceTree = "<group>";
		};
		605511E32EB6890400B5989D /* Login */ = {
			isa = PBXGroup;
			children = (
				605511E42EB6891500B5989D /* LoginView.swift */,
				605511EE2EB68E0C00B5989D /* LoginViewModel.swift */,
			);
			path = Login;
			sourceTree = "<group>";
		};
		605511E62EB689B000B5989D /* Shared Views */ = {
			isa = PBXGroup;
			children = (
				605511E72EB689F100B5989D /* EmailField.swift */,
				60EBC6682EB7D58400F5D2CC /* ListRow.swift */,
				605511EC2EB68C9700B5989D /* PasswordField.swift */,
				605511E92EB68A6900B5989D /* TextField Styles */,
			);
			path = "Shared Views";
			sourceTree = "<group>";
		};
		605511E92EB68A6900B5989D /* TextField Styles */ = {
			isa = PBXGroup;
			children = (
				605511EA2EB68AB000B5989D /* DefaultTextFieldStyle.swift */,
			);
			path = "TextField Styles";
			sourceTree = "<group>";
		};
		605511F02EB68F0700B5989D /* Core */ = {
			isa = PBXGroup;
			children = (
				605511F12EB68F1B00B5989D /* BaseViewModel.swift */,
				605511F32EB68F7C00B5989D /* HostingController.swift */,
			);
			path = Core;
			sourceTree = "<group>";
		};
		605511F72EB6932300B5989D /* Flows */ = {
			isa = PBXGroup;
			children = (
				605511F52EB6931B00B5989D /* AuthCordinator.swift */,
				60EBC6532EB7BE8100F5D2CC /* MainCoordinator.swift */,
				60C527502EBFA237008558FB /* AccountCoordinator.swift */,
			);
			path = Flows;
			sourceTree = "<group>";
		};
		605511F82EB6980C00B5989D /* Register */ = {
			isa = PBXGroup;
			children = (
				605511F92EB6982000B5989D /* RegisterView.swift */,
				605511FB2EB6985100B5989D /* RegisterViewModel.swift */,
			);
			path = Register;
			sourceTree = "<group>";
		};
		6092FAC52ECE3CCF000CED29 /* Upgrade */ = {
			isa = PBXGroup;
			children = (
				6092FAC62ECE3CEA000CED29 /* UpgradeView.swift */,
				6092FAC82ECE3D02000CED29 /* UpgradeViewModel.swift */,
				6092FACA2ECE41B4000CED29 /* UpgradeHostingController.swift */,
			);
			path = Upgrade;
			sourceTree = "<group>";
		};
		6092FAD02ECE5A16000CED29 /* Model Layer */ = {
			isa = PBXGroup;
			children = (
				6092FAD32ECE5A6F000CED29 /* System Layer */,
				6092FAD12ECE5A50000CED29 /* ModelLayer.swift */,
			);
			path = "Model Layer";
			sourceTree = "<group>";
		};
		6092FAD32ECE5A6F000CED29 /* System Layer */ = {
			isa = PBXGroup;
			children = (
				6092FAD42ECE5AA0000CED29 /* SystemLayer.swift */,
				6092FAD62ECE5AD6000CED29 /* UserDefaultManager.swift */,
			);
			path = "System Layer";
			sourceTree = "<group>";
		};
		60C527522EBFAAAB008558FB /* Supporting */ = {
			isa = PBXGroup;
			children = (
				6092FACC2ECE4300000CED29 /* UpgradeCoordinating.swift */,
				60C527532EBFAADF008558FB /* ConformingEmailCoordinating.swift */,
			);
			path = Supporting;
			sourceTree = "<group>";
		};
		60D27EE92EB7E09100EAFE34 /* Extensions */ = {
			isa = PBXGroup;
			children = (
				60D27EEA2EB7E0AA00EAFE34 /* UIViewController + Ext.swift */,
				60C527552EBFB02D008558FB /* NotificationName + Ext.swift */,
			);
			path = Extensions;
			sourceTree = "<group>";
		};
		60D9BE782EBF881F00BDEFD6 /* Confirm Email */ = {
			isa = PBXGroup;
			children = (
				60D9BE792EBF884D00BDEFD6 /* ConfirmEmailView.swift */,
				60D9BE7D2EBF9F0100BDEFD6 /* ConfirmEmailHostingController.swift */,
				60D9BE7B2EBF885E00BDEFD6 /* ConfirmEmailViewModel.swift */,
			);
			path = "Confirm Email";
			sourceTree = "<group>";
		};
		60EBC64E2EB7BD7D00F5D2CC /* Home */ = {
			isa = PBXGroup;
			children = (
				60EBC64F2EB7BD9000F5D2CC /* HomeView.swift */,
			);
			path = Home;
			sourceTree = "<group>";
		};
		60EBC6552EB7C11300F5D2CC /* Tab Flows */ = {
			isa = PBXGroup;
			children = (
				60EBC6562EB7C13900F5D2CC /* HomeCoordinator.swift */,
				60EBC6582EB7C23F00F5D2CC /* LocationsCoordinator.swift */,
				60EBC6622EB7C30900F5D2CC /* MoreCoordinator.swift */,
			);
			path = "Tab Flows";
			sourceTree = "<group>";
		};
		60EBC65A2EB7C26200F5D2CC /* Locations */ = {
			isa = PBXGroup;
			children = (
				60EBC65B2EB7C27200F5D2CC /* LocationsView.swift */,
				6092FAC32ECE33DB000CED29 /* LocationsViewModel.swift */,
				6092FACE2ECE46FE000CED29 /* LocationsHostingController.swift */,
			);
			path = Locations;
			sourceTree = "<group>";
		};
		60EBC65D2EB7C2AD00F5D2CC /* More */ = {
			isa = PBXGroup;
			children = (
				60EBC6602EB7C2C100F5D2CC /* MoreView.swift */,
				60D27EEC2EB7E53A00EAFE34 /* MoreViewModel.swift */,
			);
			path = More;
			sourceTree = "<group>";
		};
		60EBC6642EB7D2A600F5D2CC /* Account Sreens */ = {
			isa = PBXGroup;
			children = (
				60EBC6652EB7D2C900F5D2CC /* Account */,
				601369152EB93AC6008A8F2D /* Edit Account */,
			);
			path = "Account Sreens";
			sourceTree = "<group>";
		};
		60EBC6652EB7D2C900F5D2CC /* Account */ = {
			isa = PBXGroup;
			children = (
				60EBC6662EB7D2DD00F5D2CC /* AccountView.swift */,
				60D27EE72EB7DEFA00EAFE34 /* AccountHostingController.swift */,
				60D27EE52EB7DA0E00EAFE34 /* AccountViewModel.swift */,
			);
			path = Account;
			sourceTree = "<group>";
		};
		60FECCA02EB60CE0006BE233 = {
			isa = PBXGroup;
			children = (
				60FECCC82EB60DED006BE233 /* CoordinatorPattern */,
				60FECCAA2EB60CE0006BE233 /* Products */,
			);
			sourceTree = "<group>";
		};
		60FECCAA2EB60CE0006BE233 /* Products */ = {
			isa = PBXGroup;
			children = (
				60FECCA92EB60CE0006BE233 /* CoordinatorPattern.app */,
			);
			name = Products;
			sourceTree = "<group>";
		};
		60FECCC82EB60DED006BE233 /* CoordinatorPattern */ = {
			isa = PBXGroup;
			children = (
				60FECCC12EB60DED006BE233 /* AppDelegate.swift */,
				60FECCC22EB60DED006BE233 /* Assets.xcassets */,
				605511DD2EB67BA500B5989D /* Coordinators */,
				605511F02EB68F0700B5989D /* Core */,
				60D27EE92EB7E09100EAFE34 /* Extensions */,
				60FECCC32EB60DED006BE233 /* Info.plist */,
				60FECCC52EB60DED006BE233 /* LaunchScreen.storyboard */,
				6092FAD02ECE5A16000CED29 /* Model Layer */,
				60FECCCF2EB60E98006BE233 /* Screens */,
				605511E62EB689B000B5989D /* Shared Views */,
			);
			path = CoordinatorPattern;
			sourceTree = "<group>";
		};
		60FECCCF2EB60E98006BE233 /* Screens */ = {
			isa = PBXGroup;
			children = (
				6092FAC52ECE3CCF000CED29 /* Upgrade */,
				60D9BE782EBF881F00BDEFD6 /* Confirm Email */,
				60EBC6642EB7D2A600F5D2CC /* Account Sreens */,
				60EBC64E2EB7BD7D00F5D2CC /* Home */,
				60EBC65A2EB7C26200F5D2CC /* Locations */,
				605511E32EB6890400B5989D /* Login */,
				60EBC65D2EB7C2AD00F5D2CC /* More */,
				605511F82EB6980C00B5989D /* Register */,
			);
			path = Screens;
			sourceTree = "<group>";
		};
/* End PBXGroup section */

/* Begin PBXNativeTarget section */
		60FECCA82EB60CE0006BE233 /* CoordinatorPattern */ = {
			isa = PBXNativeTarget;
			buildConfigurationList = 60FECCBC2EB60CE2006BE233 /* Build configuration list for PBXNativeTarget "CoordinatorPattern" */;
			buildPhases = (
				60FECCA52EB60CE0006BE233 /* Sources */,
				60FECCA62EB60CE0006BE233 /* Frameworks */,
				60FECCA72EB60CE0006BE233 /* Resources */,
			);
			buildRules = (
			);
			dependencies = (
			);
			name = CoordinatorPattern;
			packageProductDependencies = (
			);
			productName = CordinatorPattern;
			productReference = 60FECCA92EB60CE0006BE233 /* CoordinatorPattern.app */;
			productType = "com.apple.product-type.application";
		};
/* End PBXNativeTarget section */

/* Begin PBXProject section */
		60FECCA12EB60CE0006BE233 /* Project object */ = {
			isa = PBXProject;
			attributes = {
				BuildIndependentTargetsInParallel = 1;
				LastSwiftUpdateCheck = 1640;
				LastUpgradeCheck = 1640;
				TargetAttributes = {
					60FECCA82EB60CE0006BE233 = {
						CreatedOnToolsVersion = 16.4;
					};
				};
			};
			buildConfigurationList = 60FECCA42EB60CE0006BE233 /* Build configuration list for PBXProject "CoordinatorPattern" */;
			developmentRegion = en;
			hasScannedForEncodings = 0;
			knownRegions = (
				en,
				Base,
			);
			mainGroup = 60FECCA02EB60CE0006BE233;
			minimizedProjectReferenceProxies = 1;
			preferredProjectObjectVersion = 77;
			productRefGroup = 60FECCAA2EB60CE0006BE233 /* Products */;
			projectDirPath = "";
			projectRoot = "";
			targets = (
				60FECCA82EB60CE0006BE233 /* CoordinatorPattern */,
			);
		};
/* End PBXProject section */

/* Begin PBXResourcesBuildPhase section */
		60FECCA72EB60CE0006BE233 /* Resources */ = {
			isa = PBXResourcesBuildPhase;
			buildActionMask = 2147483647;
			files = (
				60FECCC92EB60DED006BE233 /* Assets.xcassets in Resources */,
				60FECCCB2EB60DED006BE233 /* LaunchScreen.storyboard in Resources */,
			);
			runOnlyForDeploymentPostprocessing = 0;
		};
/* End PBXResourcesBuildPhase section */

/* Begin PBXSourcesBuildPhase section */
		60FECCA52EB60CE0006BE233 /* Sources */ = {
			isa = PBXSourcesBuildPhase;
			buildActionMask = 2147483647;
			files = (
				605511EB2EB68AB000B5989D /* DefaultTextFieldStyle.swift in Sources */,
				6092FAC92ECE3D02000CED29 /* UpgradeViewModel.swift in Sources */,
				60EBC6502EB7BD9000F5D2CC /* HomeView.swift in Sources */,
				605511F22EB68F1B00B5989D /* BaseViewModel.swift in Sources */,
				60D9BE772EBF843D00BDEFD6 /* EditAccountHostingController.swift in Sources */,
				6092FACD2ECE4300000CED29 /* UpgradeCoordinating.swift in Sources */,
				605511F62EB6931B00B5989D /* AuthCordinator.swift in Sources */,
				60FECCCC2EB60DEE006BE233 /* AppDelegate.swift in Sources */,
				605511E82EB689F100B5989D /* EmailField.swift in Sources */,
				60C527542EBFAADF008558FB /* ConformingEmailCoordinating.swift in Sources */,
				605511DF2EB67BD100B5989D /* ApplicationCoordinator.swift in Sources */,
				60D27EED2EB7E53A00EAFE34 /* MoreViewModel.swift in Sources */,
				601369192EB93B76008A8F2D /* EditAccountViewModel.swift in Sources */,
				605511ED2EB68C9700B5989D /* PasswordField.swift in Sources */,
				60EBC6692EB7D58400F5D2CC /* ListRow.swift in Sources */,
				605511E52EB6891500B5989D /* LoginView.swift in Sources */,
				605511FC2EB6985100B5989D /* RegisterViewModel.swift in Sources */,
				60D27EE62EB7DA0E00EAFE34 /* AccountViewModel.swift in Sources */,
				6092FAD72ECE5AD6000CED29 /* UserDefaultManager.swift in Sources */,
				605511E12EB67BF400B5989D /* BaseCoordinator.swift in Sources */,
				605511FA2EB6982000B5989D /* RegisterView.swift in Sources */,
				60D27EE82EB7DEFA00EAFE34 /* AccountHostingController.swift in Sources */,
				605511F42EB68F7C00B5989D /* HostingController.swift in Sources */,
				6092FAD52ECE5AA0000CED29 /* SystemLayer.swift in Sources */,
				6092FACF2ECE46FE000CED29 /* LocationsHostingController.swift in Sources */,
				60EBC6612EB7C2C100F5D2CC /* MoreView.swift in Sources */,
				60D9BE7E2EBF9F0100BDEFD6 /* ConfirmEmailHostingController.swift in Sources */,
				6092FAC72ECE3CEA000CED29 /* UpgradeView.swift in Sources */,
				60C527562EBFB02D008558FB /* NotificationName + Ext.swift in Sources */,
				60EBC6572EB7C13900F5D2CC /* HomeCoordinator.swift in Sources */,
				60D27EEB2EB7E0AA00EAFE34 /* UIViewController + Ext.swift in Sources */,
				60D9BE7A2EBF884D00BDEFD6 /* ConfirmEmailView.swift in Sources */,
				6092FACB2ECE41B4000CED29 /* UpgradeHostingController.swift in Sources */,
				6092FAD22ECE5A50000CED29 /* ModelLayer.swift in Sources */,
				60EBC6632EB7C30900F5D2CC /* MoreCoordinator.swift in Sources */,
				60D9BE7C2EBF885E00BDEFD6 /* ConfirmEmailViewModel.swift in Sources */,
				601369172EB93AEF008A8F2D /* EditAccountView.swift in Sources */,
				60EBC6542EB7BE8100F5D2CC /* MainCoordinator.swift in Sources */,
				60EBC65C2EB7C27200F5D2CC /* LocationsView.swift in Sources */,
				6092FAC42ECE33DC000CED29 /* LocationsViewModel.swift in Sources */,
				60C527512EBFA237008558FB /* AccountCoordinator.swift in Sources */,
				60EBC6672EB7D2DD00F5D2CC /* AccountView.swift in Sources */,
				60EBC6592EB7C23F00F5D2CC /* LocationsCoordinator.swift in Sources */,
				605511EF2EB68E0C00B5989D /* LoginViewModel.swift in Sources */,
			);
			runOnlyForDeploymentPostprocessing = 0;
		};
/* End PBXSourcesBuildPhase section */

/* Begin PBXVariantGroup section */
		60FECCC52EB60DED006BE233 /* LaunchScreen.storyboard */ = {
			isa = PBXVariantGroup;
			children = (
				60FECCC42EB60DED006BE233 /* Base */,
			);
			name = LaunchScreen.storyboard;
			sourceTree = "<group>";
		};
/* End PBXVariantGroup section */

/* Begin XCBuildConfiguration section */
		60FECCBD2EB60CE2006BE233 /* Debug */ = {
			isa = XCBuildConfiguration;
			buildSettings = {
				ASSETCATALOG_COMPILER_APPICON_NAME = AppIcon;
				ASSETCATALOG_COMPILER_GLOBAL_ACCENT_COLOR_NAME = AccentColor;
				CODE_SIGN_STYLE = Automatic;
				CURRENT_PROJECT_VERSION = 1;
				DEVELOPMENT_TEAM = 52244XZHVN;
				GENERATE_INFOPLIST_FILE = YES;
				INFOPLIST_FILE = CoordinatorPattern/Info.plist;
				INFOPLIST_KEY_UIApplicationSupportsIndirectInputEvents = YES;
				INFOPLIST_KEY_UILaunchStoryboardName = LaunchScreen;
				INFOPLIST_KEY_UISupportedInterfaceOrientations_iPad = "UIInterfaceOrientationPortrait UIInterfaceOrientationPortraitUpsideDown UIInterfaceOrientationLandscapeLeft UIInterfaceOrientationLandscapeRight";
				INFOPLIST_KEY_UISupportedInterfaceOrientations_iPhone = "UIInterfaceOrientationPortrait UIInterfaceOrientationLandscapeLeft UIInterfaceOrientationLandscapeRight";
				LD_RUNPATH_SEARCH_PATHS = (
					"$(inherited)",
					"@executable_path/Frameworks",
				);
				MARKETING_VERSION = 1.0;
				PRODUCT_BUNDLE_IDENTIFIER = cordinator.pattern.CordinatorPattern;
				PRODUCT_NAME = "$(TARGET_NAME)";
				SWIFT_EMIT_LOC_STRINGS = YES;
				SWIFT_VERSION = 5.0;
				TARGETED_DEVICE_FAMILY = "1,2";
			};
			name = Debug;
		};
		60FECCBE2EB60CE2006BE233 /* Release */ = {
			isa = XCBuildConfiguration;
			buildSettings = {
				ASSETCATALOG_COMPILER_APPICON_NAME = AppIcon;
				ASSETCATALOG_COMPILER_GLOBAL_ACCENT_COLOR_NAME = AccentColor;
				CODE_SIGN_STYLE = Automatic;
				CURRENT_PROJECT_VERSION = 1;
				DEVELOPMENT_TEAM = 52244XZHVN;
				GENERATE_INFOPLIST_FILE = YES;
				INFOPLIST_FILE = CoordinatorPattern/Info.plist;
				INFOPLIST_KEY_UIApplicationSupportsIndirectInputEvents = YES;
				INFOPLIST_KEY_UILaunchStoryboardName = LaunchScreen;
				INFOPLIST_KEY_UISupportedInterfaceOrientations_iPad = "UIInterfaceOrientationPortrait UIInterfaceOrientationPortraitUpsideDown UIInterfaceOrientationLandscapeLeft UIInterfaceOrientationLandscapeRight";
				INFOPLIST_KEY_UISupportedInterfaceOrientations_iPhone = "UIInterfaceOrientationPortrait UIInterfaceOrientationLandscapeLeft UIInterfaceOrientationLandscapeRight";
				LD_RUNPATH_SEARCH_PATHS = (
					"$(inherited)",
					"@executable_path/Frameworks",
				);
				MARKETING_VERSION = 1.0;
				PRODUCT_BUNDLE_IDENTIFIER = cordinator.pattern.CordinatorPattern;
				PRODUCT_NAME = "$(TARGET_NAME)";
				SWIFT_EMIT_LOC_STRINGS = YES;
				SWIFT_VERSION = 5.0;
				TARGETED_DEVICE_FAMILY = "1,2";
			};
			name = Release;
		};
		60FECCBF2EB60CE2006BE233 /* Debug */ = {
			isa = XCBuildConfiguration;
			buildSettings = {
				ALWAYS_SEARCH_USER_PATHS = NO;
				ASSETCATALOG_COMPILER_GENERATE_SWIFT_ASSET_SYMBOL_EXTENSIONS = YES;
				CLANG_ANALYZER_NONNULL = YES;
				CLANG_ANALYZER_NUMBER_OBJECT_CONVERSION = YES_AGGRESSIVE;
				CLANG_CXX_LANGUAGE_STANDARD = "gnu++20";
				CLANG_ENABLE_MODULES = YES;
				CLANG_ENABLE_OBJC_ARC = YES;
				CLANG_ENABLE_OBJC_WEAK = YES;
				CLANG_WARN_BLOCK_CAPTURE_AUTORELEASING = YES;
				CLANG_WARN_BOOL_CONVERSION = YES;
				CLANG_WARN_COMMA = YES;
				CLANG_WARN_CONSTANT_CONVERSION = YES;
				CLANG_WARN_DEPRECATED_OBJC_IMPLEMENTATIONS = YES;
				CLANG_WARN_DIRECT_OBJC_ISA_USAGE = YES_ERROR;
				CLANG_WARN_DOCUMENTATION_COMMENTS = YES;
				CLANG_WARN_EMPTY_BODY = YES;
				CLANG_WARN_ENUM_CONVERSION = YES;
				CLANG_WARN_INFINITE_RECURSION = YES;
				CLANG_WARN_INT_CONVERSION = YES;
				CLANG_WARN_NON_LITERAL_NULL_CONVERSION = YES;
				CLANG_WARN_OBJC_IMPLICIT_RETAIN_SELF = YES;
				CLANG_WARN_OBJC_LITERAL_CONVERSION = YES;
				CLANG_WARN_OBJC_ROOT_CLASS = YES_ERROR;
				CLANG_WARN_QUOTED_INCLUDE_IN_FRAMEWORK_HEADER = YES;
				CLANG_WARN_RANGE_LOOP_ANALYSIS = YES;
				CLANG_WARN_STRICT_PROTOTYPES = YES;
				CLANG_WARN_SUSPICIOUS_MOVE = YES;
				CLANG_WARN_UNGUARDED_AVAILABILITY = YES_AGGRESSIVE;
				CLANG_WARN_UNREACHABLE_CODE = YES;
				CLANG_WARN__DUPLICATE_METHOD_MATCH = YES;
				COPY_PHASE_STRIP = NO;
				DEBUG_INFORMATION_FORMAT = dwarf;
				DEVELOPMENT_TEAM = 52244XZHVN;
				ENABLE_STRICT_OBJC_MSGSEND = YES;
				ENABLE_TESTABILITY = YES;
				ENABLE_USER_SCRIPT_SANDBOXING = YES;
				GCC_C_LANGUAGE_STANDARD = gnu17;
				GCC_DYNAMIC_NO_PIC = NO;
				GCC_NO_COMMON_BLOCKS = YES;
				GCC_OPTIMIZATION_LEVEL = 0;
				GCC_PREPROCESSOR_DEFINITIONS = (
					"DEBUG=1",
					"$(inherited)",
				);
				GCC_WARN_64_TO_32_BIT_CONVERSION = YES;
				GCC_WARN_ABOUT_RETURN_TYPE = YES_ERROR;
				GCC_WARN_UNDECLARED_SELECTOR = YES;
				GCC_WARN_UNINITIALIZED_AUTOS = YES_AGGRESSIVE;
				GCC_WARN_UNUSED_FUNCTION = YES;
				GCC_WARN_UNUSED_VARIABLE = YES;
				IPHONEOS_DEPLOYMENT_TARGET = 18.5;
				LOCALIZATION_PREFERS_STRING_CATALOGS = YES;
				MTL_ENABLE_DEBUG_INFO = INCLUDE_SOURCE;
				MTL_FAST_MATH = YES;
				ONLY_ACTIVE_ARCH = YES;
				SDKROOT = iphoneos;
				SWIFT_ACTIVE_COMPILATION_CONDITIONS = "DEBUG $(inherited)";
				SWIFT_OPTIMIZATION_LEVEL = "-Onone";
			};
			name = Debug;
		};
		60FECCC02EB60CE2006BE233 /* Release */ = {
			isa = XCBuildConfiguration;
			buildSettings = {
				ALWAYS_SEARCH_USER_PATHS = NO;
				ASSETCATALOG_COMPILER_GENERATE_SWIFT_ASSET_SYMBOL_EXTENSIONS = YES;
				CLANG_ANALYZER_NONNULL = YES;
				CLANG_ANALYZER_NUMBER_OBJECT_CONVERSION = YES_AGGRESSIVE;
				CLANG_CXX_LANGUAGE_STANDARD = "gnu++20";
				CLANG_ENABLE_MODULES = YES;
				CLANG_ENABLE_OBJC_ARC = YES;
				CLANG_ENABLE_OBJC_WEAK = YES;
				CLANG_WARN_BLOCK_CAPTURE_AUTORELEASING = YES;
				CLANG_WARN_BOOL_CONVERSION = YES;
				CLANG_WARN_COMMA = YES;
				CLANG_WARN_CONSTANT_CONVERSION = YES;
				CLANG_WARN_DEPRECATED_OBJC_IMPLEMENTATIONS = YES;
				CLANG_WARN_DIRECT_OBJC_ISA_USAGE = YES_ERROR;
				CLANG_WARN_DOCUMENTATION_COMMENTS = YES;
				CLANG_WARN_EMPTY_BODY = YES;
				CLANG_WARN_ENUM_CONVERSION = YES;
				CLANG_WARN_INFINITE_RECURSION = YES;
				CLANG_WARN_INT_CONVERSION = YES;
				CLANG_WARN_NON_LITERAL_NULL_CONVERSION = YES;
				CLANG_WARN_OBJC_IMPLICIT_RETAIN_SELF = YES;
				CLANG_WARN_OBJC_LITERAL_CONVERSION = YES;
				CLANG_WARN_OBJC_ROOT_CLASS = YES_ERROR;
				CLANG_WARN_QUOTED_INCLUDE_IN_FRAMEWORK_HEADER = YES;
				CLANG_WARN_RANGE_LOOP_ANALYSIS = YES;
				CLANG_WARN_STRICT_PROTOTYPES = YES;
				CLANG_WARN_SUSPICIOUS_MOVE = YES;
				CLANG_WARN_UNGUARDED_AVAILABILITY = YES_AGGRESSIVE;
				CLANG_WARN_UNREACHABLE_CODE = YES;
				CLANG_WARN__DUPLICATE_METHOD_MATCH = YES;
				COPY_PHASE_STRIP = NO;
				DEBUG_INFORMATION_FORMAT = "dwarf-with-dsym";
				DEVELOPMENT_TEAM = 52244XZHVN;
				ENABLE_NS_ASSERTIONS = NO;
				ENABLE_STRICT_OBJC_MSGSEND = YES;
				ENABLE_USER_SCRIPT_SANDBOXING = YES;
				GCC_C_LANGUAGE_STANDARD = gnu17;
				GCC_NO_COMMON_BLOCKS = YES;
				GCC_WARN_64_TO_32_BIT_CONVERSION = YES;
				GCC_WARN_ABOUT_RETURN_TYPE = YES_ERROR;
				GCC_WARN_UNDECLARED_SELECTOR = YES;
				GCC_WARN_UNINITIALIZED_AUTOS = YES_AGGRESSIVE;
				GCC_WARN_UNUSED_FUNCTION = YES;
				GCC_WARN_UNUSED_VARIABLE = YES;
				IPHONEOS_DEPLOYMENT_TARGET = 18.5;
				LOCALIZATION_PREFERS_STRING_CATALOGS = YES;
				MTL_ENABLE_DEBUG_INFO = NO;
				MTL_FAST_MATH = YES;
				SDKROOT = iphoneos;
				SWIFT_COMPILATION_MODE = wholemodule;
				VALIDATE_PRODUCT = YES;
			};
			name = Release;
		};
/* End XCBuildConfiguration section */

/* Begin XCConfigurationList section */
		60FECCA42EB60CE0006BE233 /* Build configuration list for PBXProject "CoordinatorPattern" */ = {
			isa = XCConfigurationList;
			buildConfigurations = (
				60FECCBF2EB60CE2006BE233 /* Debug */,
				60FECCC02EB60CE2006BE233 /* Release */,
			);
			defaultConfigurationIsVisible = 0;
			defaultConfigurationName = Release;
		};
		60FECCBC2EB60CE2006BE233 /* Build configuration list for PBXNativeTarget "CoordinatorPattern" */ = {
			isa = XCConfigurationList;
			buildConfigurations = (
				60FECCBD2EB60CE2006BE233 /* Debug */,
				60FECCBE2EB60CE2006BE233 /* Release */,
			);
			defaultConfigurationIsVisible = 0;
			defaultConfigurationName = Release;
		};
/* End XCConfigurationList section */
	};
	rootObject = 60FECCA12EB60CE0006BE233 /* Project object */;
}
